
Microsoft Visual Studio Solution File, Format Version 12.00
# Visual Studio Version 16
VisualStudioVersion = 16.0.29409.12
MinimumVisualStudioVersion = 10.0.40219.1
Project("{FAE04EC0-301F-11D3-BF4B-00C04F79EFBC}") = "BrokenDigSky.AmdOnlyRts.Core", "BrokenDigSky.AmdOnlyRts\BrokenDigSky.AmdOnlyRts.Core.csproj", "{6A16691D-031F-4D66-B553-F6342EEB3D75}"
EndProject
Project("{FAE04EC0-301F-11D3-BF4B-00C04F79EFBC}") = "BrokenDigSky.AmdOnlyRts.Domain", "BrokenDigSky.AmdOnlyRts.Domain\BrokenDigSky.AmdOnlyRts.Domain.csproj", "{F9B0BA78-1BFC-4E16-A837-DD7CE70F5AEC}"
EndProject
Project("{FAE04EC0-301F-11D3-BF4B-00C04F79EFBC}") = "BrokenDigSky.AmdOnlyRts.Networking", "BrokenDigSky.AmdOnlyRts.Networking\BrokenDigSky.AmdOnlyRts.Networking.csproj", "{75CBE480-42B1-4E41-8521-5CAD1150D0A9}"
EndProject
Project("{FAE04EC0-301F-11D3-BF4B-00C04F79EFBC}") = "BrokenDigSky.AmdOnlyRts.Render", "BrokenDigSky.AmdOnlyRts.Render\BrokenDigSky.AmdOnlyRts.Render.csproj", "{AB4D5AC0-F6B7-448B-8FCF-BB89A66C456C}"
EndProject
Global
	GlobalSection(SolutionConfigurationPlatforms) = preSolution
		Debug|Any CPU = Debug|Any CPU
		Release|Any CPU = Release|Any CPU
	EndGlobalSection
	GlobalSection(ProjectConfigurationPlatforms) = postSolution
		{6A16691D-031F-4D66-B553-F6342EEB3D75}.Debug|Any CPU.ActiveCfg = Debug|Any CPU
		{6A16691D-031F-4D66-B553-F6342EEB3D75}.Debug|Any CPU.Build.0 = Debug|Any CPU
		{6A16691D-031F-4D66-B553-F6342EEB3D75}.Release|Any CPU.ActiveCfg = Release|Any CPU
		{6A16691D-031F-4D66-B553-F6342EEB3D75}.Release|Any CPU.Build.0 = Release|Any CPU
		{F9B0BA78-1BFC-4E16-A837-DD7CE70F5AEC}.Debug|Any CPU.ActiveCfg = Debug|Any CPU
		{F9B0BA78-1BFC-4E16-A837-DD7CE70F5AEC}.Debug|Any CPU.Build.0 = Debug|Any CPU
		{F9B0BA78-1BFC-4E16-A837-DD7CE70F5AEC}.Release|Any CPU.ActiveCfg = Release|Any CPU
		{F9B0BA78-1BFC-4E16-A837-DD7CE70F5AEC}.Release|Any CPU.Build.0 = Release|Any CPU
		{75CBE480-42B1-4E41-8521-5CAD1150D0A9}.Debug|Any CPU.ActiveCfg = Debug|Any CPU
		{75CBE480-42B1-4E41-8521-5CAD1150D0A9}.Debug|Any CPU.Build.0 = Debug|Any CPU
		{75CBE480-42B1-4E41-8521-5CAD1150D0A9}.Release|Any CPU.ActiveCfg = Release|Any CPU
		{75CBE480-42B1-4E41-8521-5CAD1150D0A9}.Release|Any CPU.Build.0 = Release|Any CPU
		{AB4D5AC0-F6B7-448B-8FCF-BB89A66C456C}.Debug|Any CPU.ActiveCfg = Debug|Any CPU
		{AB4D5AC0-F6B7-448B-8FCF-BB89A66C456C}.Debug|Any CPU.Build.0 = Debug|Any CPU
		{AB4D5AC0-F6B7-448B-8FCF-BB89A66C456C}.Release|Any CPU.ActiveCfg = Release|Any CPU
		{AB4D5AC0-F6B7-448B-8FCF-BB89A66C456C}.Release|Any CPU.Build.0 = Release|Any CPU
	EndGlobalSection
	GlobalSection(SolutionProperties) = preSolution
		HideSolutionNode = FALSE
	EndGlobalSection
	GlobalSection(ExtensibilityGlobals) = postSolution
		SolutionGuid = {BAA85D15-6C69-47B3-B527-2B79C9149F59}
	EndGlobalSection
EndGlobal
